version = 1
requires-python = ">=3.12"

[[package]]
name = "cocotb"
version = "2.0.0"
source = { registry = "https://pypi.org/simple" }
dependencies = [
    { name = "find-libpython" },
]
sdist = { url = "https://files.pythonhosted.org/packages/8b/26/25ea83cd8de8348df5b26c276a32c56426197e6d6aa728a769cf80a8c19d/cocotb-2.0.0.tar.gz", hash = "sha256:3d66772df87d0a334810f1c41cf0903975e30bb538328b46b920b33d4221b536", size = 316389 }
wheels = [
    { url = "https://files.pythonhosted.org/packages/14/09/806aaf897c06703881b0a52f05bcf2574f0aedff72ef932a6a7e82bdf853/cocotb-2.0.0-cp312-cp312-macosx_10_9_x86_64.whl", hash = "sha256:f5d24523401df21c9084ef7f48464de9f085395f14ab89b6fd2a2c8105d9a079", size = 662490 },
    { url = "https://files.pythonhosted.org/packages/93/04/57606bcf1c6d614f8607174799436f81605eac666ee3d1a553288938b563/cocotb-2.0.0-cp312-cp312-macosx_11_0_arm64.whl", hash = "sha256:f3dc13d7b8d7d1e2b70098acadc5911a214df34a369403e476fa7f675b45194d", size = 625069 },
    { url = "https://files.pythonhosted.org/packages/fa/bb/62d2b734f6cc4f9ba2c6622dfad84372fc12d64f35bb91e0b6b5cb5ca605/cocotb-2.0.0-cp312-cp312-manylinux_2_17_x86_64.manylinux2014_x86_64.whl", hash = "sha256:7fa57c6a84a99936512ea58c31d186b56a310066e8a38e06fdcc958d270c51e0", size = 4551318 },
    { url = "https://files.pythonhosted.org/packages/e6/87/8d77e98308c1cb846deeb626f291a1158a80905049856f9eac5c32cce67e/cocotb-2.0.0-cp312-cp312-manylinux_2_5_i686.manylinux1_i686.manylinux_2_17_i686.manylinux2014_i686.whl", hash = "sha256:0c242aa48396fe6dab03177609e767ad83aa8ac78e6cdd597146808d997df936", size = 4429242 },
    { url = "https://files.pythonhosted.org/packages/17/bd/82c0a280c5d33527f24397e45572fd4d135e9a0d9a66b235d9fbf67c2141/cocotb-2.0.0-cp312-cp312-win32.whl", hash = "sha256:b59e6e81e52dac9d96c937b47a74ffccdae5ddb59893f49cb925fbd8e474fe57", size = 538367 },
    { url = "https://files.pythonhosted.org/packages/50/9b/d8ba4775b16a41d6e37ee5a4570e1ab2d2ed554c870be417a862ddf0a334/cocotb-2.0.0-cp312-cp312-win_amd64.whl", hash = "sha256:841cb6a60078e5d2733a616d35b6494c60ab4e8ffbb160b3bb924a43db61f934", size = 574684 },
    { url = "https://files.pythonhosted.org/packages/93/65/799165abd318b043cc4483f7cd876fbd6c0d1b0dd27b76a9cb44f2ab25c1/cocotb-2.0.0-cp313-cp313-macosx_10_13_x86_64.whl", hash = "sha256:d6dcc8c78454ed0c53529f693971ffe10da7c4b6b04b37d6a9fc053435246295", size = 654107 },
    { url = "https://files.pythonhosted.org/packages/51/15/003a73b4d383b02ff1107c7faff467080ec8f4e9f088a9317240c089891c/cocotb-2.0.0-cp313-cp313-macosx_11_0_arm64.whl", hash = "sha256:70fd787936a5c5d0726253862d1ee99bd44e52b8afad4ea0560c18aefff04dae", size = 625071 },
    { url = "https://files.pythonhosted.org/packages/83/42/7ab96f858e97fac8ba8d04e62e233af981a5d76e6f09e6ff8594684579ba/cocotb-2.0.0-cp313-cp313-manylinux_2_17_x86_64.manylinux2014_x86_64.whl", hash = "sha256:23016e5517aac22c60feed8faf18ce4eb10199848bd9fd704502a48512e68c9b", size = 4551002 },
    { url = "https://files.pythonhosted.org/packages/95/dd/9ffe884dc5333225235ab61a55545cc9d3aa61e6a33cbc42ba183425d971/cocotb-2.0.0-cp313-cp313-manylinux_2_5_i686.manylinux1_i686.manylinux_2_17_i686.manylinux2014_i686.whl", hash = "sha256:8b8a4612e77ea345c60cd91ec407571dea46f4027b92ba9d740db375530654af", size = 4428917 },
    { url = "https://files.pythonhosted.org/packages/8b/c1/17d00c43adaaebed905730744b374c65ee71ff8290ee0a0ba1292c21edd6/cocotb-2.0.0-cp313-cp313-win32.whl", hash = "sha256:462ea8eb54f7a03ab668a50caebafab48771a85d24254caaf8ea308eab12abc3", size = 538362 },
    { url = "https://files.pythonhosted.org/packages/3c/ce/2861f3387aacc6eefbdaa2986b82c8f4c25fa4f88a876bff9e7bee5d7243/cocotb-2.0.0-cp313-cp313-win_amd64.whl", hash = "sha256:23d899392d20871b8b9041a0de00fd09b992b6dcf88cecdad668576de68e444b", size = 574714 },
]

[[package]]
name = "find-libpython"
version = "0.5.0"
source = { registry = "https://pypi.org/simple" }
sdist = { url = "https://files.pythonhosted.org/packages/f9/46/c466b94830bb77ef1e715d869246b9f8e111f9b2f4de2c60d4de1b986779/find_libpython-0.5.0.tar.gz", hash = "sha256:4e4e0ffcad3bfaf2af9461b359329b8736e3f721dc375da7c167aff383e56be1", size = 9364 }
wheels = [
    { url = "https://files.pythonhosted.org/packages/a7/3f/0eb94bfca99e54404901536ea8c80ddacff4953257514c6b8fb01f9a75a8/find_libpython-0.5.0-py3-none-any.whl", hash = "sha256:7690dcf6442cdce39c0df191903fd5ecf9af437fa920effb6569fbf2c8ca8ab4", size = 9194 },
]

[[package]]
name = "tpd"
version = "0.1.0"
source = { virtual = "." }
dependencies = [
    { name = "cocotb" },
]

[package.metadata]
requires-dist = [{ name = "cocotb", specifier = ">=2.0.0" }]
